
Microsoft Visual Studio Solution File, Format Version 12.00
# Visual Studio Version 17
VisualStudioVersion = 17.6.33723.286
MinimumVisualStudioVersion = 10.0.40219.1
Project("{9A19103F-16F7-4668-BE54-9A1E7A4F7556}") = "FitnessApp", "FitnessApp\FitnessApp.csproj", "{9EAB2072-04E9-4621-B198-47A4F55953D4}"
EndProject
Project("{9A19103F-16F7-4668-BE54-9A1E7A4F7556}") = "EntityFramework", "EntityFramework\EntityFramework.csproj", "{EC84C051-E50C-40F4-8A84-B31BB9207E99}"
EndProject
Project("{FAE04EC0-301F-11D3-BF4B-00C04F79EFBC}") = "Logic", "Logic\Logic.csproj", "{ABEE9DCB-9A94-4782-B963-CB5D6C029B8E}"
EndProject
Global
	GlobalSection(SolutionConfigurationPlatforms) = preSolution
		Debug|Any CPU = Debug|Any CPU
		Release|Any CPU = Release|Any CPU
	EndGlobalSection
	GlobalSection(ProjectConfigurationPlatforms) = postSolution
		{9EAB2072-04E9-4621-B198-47A4F55953D4}.Debug|Any CPU.ActiveCfg = Debug|Any CPU
		{9EAB2072-04E9-4621-B198-47A4F55953D4}.Debug|Any CPU.Build.0 = Debug|Any CPU
		{9EAB2072-04E9-4621-B198-47A4F55953D4}.Release|Any CPU.ActiveCfg = Release|Any CPU
		{9EAB2072-04E9-4621-B198-47A4F55953D4}.Release|Any CPU.Build.0 = Release|Any CPU
		{EC84C051-E50C-40F4-8A84-B31BB9207E99}.Debug|Any CPU.ActiveCfg = Debug|Any CPU
		{EC84C051-E50C-40F4-8A84-B31BB9207E99}.Debug|Any CPU.Build.0 = Debug|Any CPU
		{EC84C051-E50C-40F4-8A84-B31BB9207E99}.Release|Any CPU.ActiveCfg = Release|Any CPU
		{EC84C051-E50C-40F4-8A84-B31BB9207E99}.Release|Any CPU.Build.0 = Release|Any CPU
		{ABEE9DCB-9A94-4782-B963-CB5D6C029B8E}.Debug|Any CPU.ActiveCfg = Debug|Any CPU
		{ABEE9DCB-9A94-4782-B963-CB5D6C029B8E}.Debug|Any CPU.Build.0 = Debug|Any CPU
		{ABEE9DCB-9A94-4782-B963-CB5D6C029B8E}.Release|Any CPU.ActiveCfg = Release|Any CPU
		{ABEE9DCB-9A94-4782-B963-CB5D6C029B8E}.Release|Any CPU.Build.0 = Release|Any CPU
	EndGlobalSection
	GlobalSection(SolutionProperties) = preSolution
		HideSolutionNode = FALSE
	EndGlobalSection
	GlobalSection(ExtensibilityGlobals) = postSolution
		SolutionGuid = {5D8BD69A-20DB-46A1-9D28-2CE09BC8C2C4}
	EndGlobalSection
EndGlobal
